// !$*UTF8*$!
{
	archiveVersion = 1;
	classes = {
	};
	objectVersion = 46;
	objects = {

/* Begin PBXBuildFile section */
		6F2223DE1A2EC2180094DC8B /* main.m in Sources */ = {isa = PBXBuildFile; fileRef = 6F2223DD1A2EC2180094DC8B /* main.m */; };
		6F2223E11A2EC2180094DC8B /* AppDelegate.m in Sources */ = {isa = PBXBuildFile; fileRef = 6F2223E01A2EC2180094DC8B /* AppDelegate.m */; };
		6F2223E41A2EC2180094DC8B /* FilterEditor.xcdatamodeld in Sources */ = {isa = PBXBuildFile; fileRef = 6F2223E21A2EC2180094DC8B /* FilterEditor.xcdatamodeld */; };
		6F2223E61A2EC2180094DC8B /* Images.xcassets in Resources */ = {isa = PBXBuildFile; fileRef = 6F2223E51A2EC2180094DC8B /* Images.xcassets */; };
		6F2223E91A2EC2180094DC8B /* LaunchScreen.xib in Resources */ = {isa = PBXBuildFile; fileRef = 6F2223E71A2EC2180094DC8B /* LaunchScreen.xib */; };
		6F2223F51A2EC2180094DC8B /* FilterEditorTests.m in Sources */ = {isa = PBXBuildFile; fileRef = 6F2223F41A2EC2180094DC8B /* FilterEditorTests.m */; };
/* End PBXBuildFile section */

/* Begin PBXContainerItemProxy section */
		6F2223EF1A2EC2180094DC8B /* PBXContainerItemProxy */ = {
			isa = PBXContainerItemProxy;
			containerPortal = 6F2223D01A2EC2170094DC8B /* Project object */;
			proxyType = 1;
			remoteGlobalIDString = 6F2223D71A2EC2170094DC8B;
			remoteInfo = FilterEditor;
		};
/* End PBXContainerItemProxy section */

/* Begin PBXFileReference section */
		6F2223D81A2EC2170094DC8B /* FilterEditor.app */ = {isa = PBXFileReference; explicitFileType = wrapper.application; includeInIndex = 0; path = FilterEditor.app; sourceTree = BUILT_PRODUCTS_DIR; };
		6F2223DC1A2EC2170094DC8B /* Info.plist */ = {isa = PBXFileReference; lastKnownFileType = text.plist.xml; path = Info.plist; sourceTree = "<group>"; };
		6F2223DD1A2EC2180094DC8B /* main.m */ = {isa = PBXFileReference; lastKnownFileType = sourcecode.c.objc; path = main.m; sourceTree = "<group>"; };
		6F2223DF1A2EC2180094DC8B /* AppDelegate.h */ = {isa = PBXFileReference; lastKnownFileType = sourcecode.c.h; path = AppDelegate.h; sourceTree = "<group>"; };
		6F2223E01A2EC2180094DC8B /* AppDelegate.m */ = {isa = PBXFileReference; lastKnownFileType = sourcecode.c.objc; path = AppDelegate.m; sourceTree = "<group>"; };
		6F2223E31A2EC2180094DC8B /* FilterEditor.xcdatamodel */ = {isa = PBXFileReference; lastKnownFileType = wrapper.xcdatamodel; path = FilterEditor.xcdatamodel; sourceTree = "<group>"; };
		6F2223E51A2EC2180094DC8B /* Images.xcassets */ = {isa = PBXFileReference; lastKnownFileType = folder.assetcatalog; path = Images.xcassets; sourceTree = "<group>"; };
		6F2223E81A2EC2180094DC8B /* Base */ = {isa = PBXFileReference; lastKnownFileType = file.xib; name = Base; path = Base.lproj/LaunchScreen.xib; sourceTree = "<group>"; };
		6F2223EE1A2EC2180094DC8B /* FilterEditorTests.xctest */ = {isa = PBXFileReference; explicitFileType = wrapper.cfbundle; includeInIndex = 0; path = FilterEditorTests.xctest; sourceTree = BUILT_PRODUCTS_DIR; };
		6F2223F31A2EC2180094DC8B /* Info.plist */ = {isa = PBXFileReference; lastKnownFileType = text.plist.xml; path = Info.plist; sourceTree = "<group>"; };
		6F2223F41A2EC2180094DC8B /* FilterEditorTests.m */ = {isa = PBXFileReference; lastKnownFileType = sourcecode.c.objc; path = FilterEditorTests.m; sourceTree = "<group>"; };
/* End PBXFileReference section */

/* Begin PBXFrameworksBuildPhase section */
		6F2223D51A2EC2170094DC8B /* Frameworks */ = {
			isa = PBXFrameworksBuildPhase;
			buildActionMask = 2147483647;
			files = (
			);
			runOnlyForDeploymentPostprocessing = 0;
		};
		6F2223EB1A2EC2180094DC8B /* Frameworks */ = {
			isa = PBXFrameworksBuildPhase;
			buildActionMask = 2147483647;
			files = (
			);
			runOnlyForDeploymentPostprocessing = 0;
		};
/* End PBXFrameworksBuildPhase section */

/* Begin PBXGroup section */
		6F2223CF1A2EC2170094DC8B = {
			isa = PBXGroup;
			children = (
				6F2223DA1A2EC2170094DC8B /* FilterEditor */,
				6F2223F11A2EC2180094DC8B /* FilterEditorTests */,
				6F2223D91A2EC2170094DC8B /* Products */,
			);
			sourceTree = "<group>";
		};
		6F2223D91A2EC2170094DC8B /* Products */ = {
			isa = PBXGroup;
			children = (
				6F2223D81A2EC2170094DC8B /* FilterEditor.app */,
				6F2223EE1A2EC2180094DC8B /* FilterEditorTests.xctest */,
			);
			name = Products;
			sourceTree = "<group>";
		};
		6F2223DA1A2EC2170094DC8B /* FilterEditor */ = {
			isa = PBXGroup;
			children = (
				6F2223DF1A2EC2180094DC8B /* AppDelegate.h */,
				6F2223E01A2EC2180094DC8B /* AppDelegate.m */,
				6F2223E51A2EC2180094DC8B /* Images.xcassets */,
				6F2223E71A2EC2180094DC8B /* LaunchScreen.xib */,
				6F2223E21A2EC2180094DC8B /* FilterEditor.xcdatamodeld */,
				6F2223DB1A2EC2170094DC8B /* Supporting Files */,
			);
			path = FilterEditor;
			sourceTree = "<group>";
		};
		6F2223DB1A2EC2170094DC8B /* Supporting Files */ = {
			isa = PBXGroup;
			children = (
				6F2223DC1A2EC2170094DC8B /* Info.plist */,
				6F2223DD1A2EC2180094DC8B /* main.m */,
			);
			name = "Supporting Files";
			sourceTree = "<group>";
		};
		6F2223F11A2EC2180094DC8B /* FilterEditorTests */ = {
			isa = PBXGroup;
			children = (
				6F2223F41A2EC2180094DC8B /* FilterEditorTests.m */,
				6F2223F21A2EC2180094DC8B /* Supporting Files */,
			);
			path = FilterEditorTests;
			sourceTree = "<group>";
		};
		6F2223F21A2EC2180094DC8B /* Supporting Files */ = {
			isa = PBXGroup;
			children = (
				6F2223F31A2EC2180094DC8B /* Info.plist */,
			);
			name = "Supporting Files";
			sourceTree = "<group>";
		};
/* End PBXGroup section */

/* Begin PBXNativeTarget section */
		6F2223D71A2EC2170094DC8B /* FilterEditor */ = {
			isa = PBXNativeTarget;
			buildConfigurationList = 6F2223F81A2EC2180094DC8B /* Build configuration list for PBXNativeTarget "FilterEditor" */;
			buildPhases = (
				6F2223D41A2EC2170094DC8B /* Sources */,
				6F2223D51A2EC2170094DC8B /* Frameworks */,
				6F2223D61A2EC2170094DC8B /* Resources */,
			);
			buildRules = (
			);
			dependencies = (
			);
			name = FilterEditor;
			productName = FilterEditor;
			productReference = 6F2223D81A2EC2170094DC8B /* FilterEditor.app */;
			productType = "com.apple.product-type.application";
		};
		6F2223ED1A2EC2180094DC8B /* FilterEditorTests */ = {
			isa = PBXNativeTarget;
			buildConfigurationList = 6F2223FB1A2EC2180094DC8B /* Build configuration list for PBXNativeTarget "FilterEditorTests" */;
			buildPhases = (
				6F2223EA1A2EC2180094DC8B /* Sources */,
				6F2223EB1A2EC2180094DC8B /* Frameworks */,
				6F2223EC1A2EC2180094DC8B /* Resources */,
			);
			buildRules = (
			);
			dependencies = (
				6F2223F01A2EC2180094DC8B /* PBXTargetDependency */,
			);
			name = FilterEditorTests;
			productName = FilterEditorTests;
			productReference = 6F2223EE1A2EC2180094DC8B /* FilterEditorTests.xctest */;
			productType = "com.apple.product-type.bundle.unit-test";
		};
/* End PBXNativeTarget section */

/* Begin PBXProject section */
		6F2223D01A2EC2170094DC8B /* Project object */ = {
			isa = PBXProject;
			attributes = {
				LastUpgradeCheck = 0610;
				ORGANIZATIONNAME = rcplatform;
				TargetAttributes = {
					6F2223D71A2EC2170094DC8B = {
						CreatedOnToolsVersion = 6.1;
					};
					6F2223ED1A2EC2180094DC8B = {
						CreatedOnToolsVersion = 6.1;
						TestTargetID = 6F2223D71A2EC2170094DC8B;
					};
				};
			};
			buildConfigurationList = 6F2223D31A2EC2170094DC8B /* Build configuration list for PBXProject "FilterEditor" */;
			compatibilityVersion = "Xcode 3.2";
			developmentRegion = English;
			hasScannedForEncodings = 0;
			knownRegions = (
				en,
				Base,
			);
			mainGroup = 6F2223CF1A2EC2170094DC8B;
			productRefGroup = 6F2223D91A2EC2170094DC8B /* Products */;
			projectDirPath = "";
			projectRoot = "";
			targets = (
				6F2223D71A2EC2170094DC8B /* FilterEditor */,
				6F2223ED1A2EC2180094DC8B /* FilterEditorTests */,
			);
		};
/* End PBXProject section */

/* Begin PBXResourcesBuildPhase section */
		6F2223D61A2EC2170094DC8B /* Resources */ = {
			isa = PBXResourcesBuildPhase;
			buildActionMask = 2147483647;
			files = (
				6F2223E91A2EC2180094DC8B /* LaunchScreen.xib in Resources */,
				6F2223E61A2EC2180094DC8B /* Images.xcassets in Resources */,
			);
			runOnlyForDeploymentPostprocessing = 0;
		};
		6F2223EC1A2EC2180094DC8B /* Resources */ = {
			isa = PBXResourcesBuildPhase;
			buildActionMask = 2147483647;
			files = (
			);
			runOnlyForDeploymentPostprocessing = 0;
		};
/* End PBXResourcesBuildPhase section */

/* Begin PBXSourcesBuildPhase section */
		6F2223D41A2EC2170094DC8B /* Sources */ = {
			isa = PBXSourcesBuildPhase;
			buildActionMask = 2147483647;
			files = (
				6F2223E11A2EC2180094DC8B /* AppDelegate.m in Sources */,
				6F2223DE1A2EC2180094DC8B /* main.m in Sources */,
				6F2223E41A2EC2180094DC8B /* FilterEditor.xcdatamodeld in Sources */,
			);
			runOnlyForDeploymentPostprocessing = 0;
		};
		6F2223EA1A2EC2180094DC8B /* Sources */ = {
			isa = PBXSourcesBuildPhase;
			buildActionMask = 2147483647;
			files = (
				6F2223F51A2EC2180094DC8B /* FilterEditorTests.m in Sources */,
			);
			runOnlyForDeploymentPostprocessing = 0;
		};
/* End PBXSourcesBuildPhase section */

/* Begin PBXTargetDependency section */
		6F2223F01A2EC2180094DC8B /* PBXTargetDependency */ = {
			isa = PBXTargetDependency;
			target = 6F2223D71A2EC2170094DC8B /* FilterEditor */;
			targetProxy = 6F2223EF1A2EC2180094DC8B /* PBXContainerItemProxy */;
		};
/* End PBXTargetDependency section */

/* Begin PBXVariantGroup section */
		6F2223E71A2EC2180094DC8B /* LaunchScreen.xib */ = {
			isa = PBXVariantGroup;
			children = (
				6F2223E81A2EC2180094DC8B /* Base */,
			);
			name = LaunchScreen.xib;
			sourceTree = "<group>";
		};
/* End PBXVariantGroup section */

/* Begin XCBuildConfiguration section */
		6F2223F61A2EC2180094DC8B /* Debug */ = {
			isa = XCBuildConfiguration;
			buildSettings = {
				ALWAYS_SEARCH_USER_PATHS = NO;
				CLANG_CXX_LANGUAGE_STANDARD = "gnu++0x";
				CLANG_CXX_LIBRARY = "libc++";
				CLANG_ENABLE_MODULES = YES;
				CLANG_ENABLE_OBJC_ARC = YES;
				CLANG_WARN_BOOL_CONVERSION = YES;
				CLANG_WARN_CONSTANT_CONVERSION = YES;
				CLANG_WARN_DIRECT_OBJC_ISA_USAGE = YES_ERROR;
				CLANG_WARN_EMPTY_BODY = YES;
				CLANG_WARN_ENUM_CONVERSION = YES;
				CLANG_WARN_INT_CONVERSION = YES;
				CLANG_WARN_OBJC_ROOT_CLASS = YES_ERROR;
				CLANG_WARN_UNREACHABLE_CODE = YES;
				CLANG_WARN__DUPLICATE_METHOD_MATCH = YES;
				"CODE_SIGN_IDENTITY[sdk=iphoneos*]" = "iPhone Developer";
				COPY_PHASE_STRIP = NO;
				ENABLE_STRICT_OBJC_MSGSEND = YES;
				GCC_C_LANGUAGE_STANDARD = gnu99;
				GCC_DYNAMIC_NO_PIC = NO;
				GCC_OPTIMIZATION_LEVEL = 0;
				GCC_PREPROCESSOR_DEFINITIONS = (
					"DEBUG=1",
					"$(inherited)",
				);
				GCC_SYMBOLS_PRIVATE_EXTERN = NO;
				GCC_WARN_64_TO_32_BIT_CONVERSION = YES;
				GCC_WARN_ABOUT_RETURN_TYPE = YES_ERROR;
				GCC_WARN_UNDECLARED_SELECTOR = YES;
				GCC_WARN_UNINITIALIZED_AUTOS = YES_AGGRESSIVE;
				GCC_WARN_UNUSED_FUNCTION = YES;
				GCC_WARN_UNUSED_VARIABLE = YES;
				IPHONEOS_DEPLOYMENT_TARGET = 8.1;
				MTL_ENABLE_DEBUG_INFO = YES;
				ONLY_ACTIVE_ARCH = YES;
				SDKROOT = iphoneos;
			};
			name = Debug;
		};
		6F2223F71A2EC2180094DC8B /* Release */ = {
			isa = XCBuildConfiguration;
			buildSettings = {
				ALWAYS_SEARCH_USER_PATHS = NO;
				CLANG_CXX_LANGUAGE_STANDARD = "gnu++0x";
				CLANG_CXX_LIBRARY = "libc++";
				CLANG_ENABLE_MODULES = YES;
				CLANG_ENABLE_OBJC_ARC = YES;
				CLANG_WARN_BOOL_CONVERSION = YES;
				CLANG_WARN_CONSTANT_CONVERSION = YES;
				CLANG_WARN_DIRECT_OBJC_ISA_USAGE = YES_ERROR;
				CLANG_WARN_EMPTY_BODY = YES;
				CLANG_WARN_ENUM_CONVERSION = YES;
				CLANG_WARN_INT_CONVERSION = YES;
				CLANG_WARN_OBJC_ROOT_CLASS = YES_ERROR;
				CLANG_WARN_UNREACHABLE_CODE = YES;
				CLANG_WARN__DUPLICATE_METHOD_MATCH = YES;
				"CODE_SIGN_IDENTITY[sdk=iphoneos*]" = "iPhone Developer";
				COPY_PHASE_STRIP = YES;
				ENABLE_NS_ASSERTIONS = NO;
				ENABLE_STRICT_OBJC_MSGSEND = YES;
				GCC_C_LANGUAGE_STANDARD = gnu99;
				GCC_WARN_64_TO_32_BIT_CONVERSION = YES;
				GCC_WARN_ABOUT_RETURN_TYPE = YES_ERROR;
				GCC_WARN_UNDECLARED_SELECTOR = YES;
				GCC_WARN_UNINITIALIZED_AUTOS = YES_AGGRESSIVE;
				GCC_WARN_UNUSED_FUNCTION = YES;
				GCC_WARN_UNUSED_VARIABLE = YES;
				IPHONEOS_DEPLOYMENT_TARGET = 8.1;
				MTL_ENABLE_DEBUG_INFO = NO;
				SDKROOT = iphoneos;
				VALIDATE_PRODUCT = YES;
			};
			name = Release;
		};
		6F2223F91A2EC2180094DC8B /* Debug */ = {
			isa = XCBuildConfiguration;
			buildSettings = {
				ASSETCATALOG_COMPILER_APPICON_NAME = AppIcon;
				INFOPLIST_FILE = FilterEditor/Info.plist;
				LD_RUNPATH_SEARCH_PATHS = "$(inherited) @executable_path/Frameworks";
				PRODUCT_NAME = "$(TARGET_NAME)";
			};
			name = Debug;
		};
		6F2223FA1A2EC2180094DC8B /* Release */ = {
			isa = XCBuildConfiguration;
			buildSettings = {
				ASSETCATALOG_COMPILER_APPICON_NAME = AppIcon;
				INFOPLIST_FILE = FilterEditor/Info.plist;
				LD_RUNPATH_SEARCH_PATHS = "$(inherited) @executable_path/Frameworks";
				PRODUCT_NAME = "$(TARGET_NAME)";
			};
			name = Release;
		};
		6F2223FC1A2EC2180094DC8B /* Debug */ = {
			isa = XCBuildConfiguration;
			buildSettings = {
				BUNDLE_LOADER = "$(TEST_HOST)";
				FRAMEWORK_SEARCH_PATHS = (
					"$(SDKROOT)/Developer/Library/Frameworks",
					"$(inherited)",
				);
				GCC_PREPROCESSOR_DEFINITIONS = (
					"DEBUG=1",
					"$(inherited)",
				);
				INFOPLIST_FILE = FilterEditorTests/Info.plist;
				LD_RUNPATH_SEARCH_PATHS = "$(inherited) @executable_path/Frameworks @loader_path/Frameworks";
				PRODUCT_NAME = "$(TARGET_NAME)";
				TEST_HOST = "$(BUILT_PRODUCTS_DIR)/FilterEditor.app/FilterEditor";
			};
			name = Debug;
		};
		6F2223FD1A2EC2180094DC8B /* Release */ = {
			isa = XCBuildConfiguration;
			buildSettings = {
				BUNDLE_LOADER = "$(TEST_HOST)";
				FRAMEWORK_SEARCH_PATHS = (
					"$(SDKROOT)/Developer/Library/Frameworks",
					"$(inherited)",
				);
				INFOPLIST_FILE = FilterEditorTests/Info.plist;
				LD_RUNPATH_SEARCH_PATHS = "$(inherited) @executable_path/Frameworks @loader_path/Frameworks";
				PRODUCT_NAME = "$(TARGET_NAME)";
				TEST_HOST = "$(BUILT_PRODUCTS_DIR)/FilterEditor.app/FilterEditor";
			};
			name = Release;
		};
/* End XCBuildConfiguration section */

/* Begin XCConfigurationList section */
		6F2223D31A2EC2170094DC8B /* Build configuration list for PBXProject "FilterEditor" */ = {
			isa = XCConfigurationList;
			buildConfigurations = (
				6F2223F61A2EC2180094DC8B /* Debug */,
				6F2223F71A2EC2180094DC8B /* Release */,
			);
			defaultConfigurationIsVisible = 0;
			defaultConfigurationName = Release;
		};
		6F2223F81A2EC2180094DC8B /* Build configuration list for PBXNativeTarget "FilterEditor" */ = {
			isa = XCConfigurationList;
			buildConfigurations = (
				6F2223F91A2EC2180094DC8B /* Debug */,
				6F2223FA1A2EC2180094DC8B /* Release */,
			);
			defaultConfigurationIsVisible = 0;
		};
		6F2223FB1A2EC2180094DC8B /* Build configuration list for PBXNativeTarget "FilterEditorTests" */ = {
			isa = XCConfigurationList;
			buildConfigurations = (
				6F2223FC1A2EC2180094DC8B /* Debug */,
				6F2223FD1A2EC2180094DC8B /* Release */,
			);
			defaultConfigurationIsVisible = 0;
		};
/* End XCConfigurationList section */

/* Begin XCVersionGroup section */
		6F2223E21A2EC2180094DC8B /* FilterEditor.xcdatamodeld */ = {
			isa = XCVersionGroup;
			children = (
				6F2223E31A2EC2180094DC8B /* FilterEditor.xcdatamodel */,
			);
			currentVersion = 6F2223E31A2EC2180094DC8B /* FilterEditor.xcdatamodel */;
			path = FilterEditor.xcdatamodeld;
			sourceTree = "<group>";
			versionGroupType = wrapper.xcdatamodel;
		};
/* End XCVersionGroup section */
	};
	rootObject = 6F2223D01A2EC2170094DC8B /* Project object */;
}
